// !$*UTF8*$!
{
	archiveVersion = 1;
	classes = {
	};
	objectVersion = 55;
	objects = {

/* Begin PBXBuildFile section */
		6BF198AA27637FC700725D2A /* main.c in Sources */ = {isa = PBXBuildFile; fileRef = 6BF198A927637FC700725D2A /* main.c */; };
		6BF198B4276380D700725D2A /* CoreVideo.framework in Frameworks */ = {isa = PBXBuildFile; fileRef = 6BF198B3276380D700725D2A /* CoreVideo.framework */; };
		6BF198B6276380E100725D2A /* IOKit.framework in Frameworks */ = {isa = PBXBuildFile; fileRef = 6BF198B5276380E100725D2A /* IOKit.framework */; };
		6BF198B8276380E700725D2A /* Cocoa.framework in Frameworks */ = {isa = PBXBuildFile; fileRef = 6BF198B7276380E700725D2A /* Cocoa.framework */; };
		6BF198BC276381D200725D2A /* libraylib.a in Frameworks */ = {isa = PBXBuildFile; fileRef = 6BF198BB276381D200725D2A /* libraylib.a */; };
		6BF198C227638B4100725D2A /* OpenGL.framework in Frameworks */ = {isa = PBXBuildFile; fileRef = 6BF198B1276380B700725D2A /* OpenGL.framework */; };
/* End PBXBuildFile section */

/* Begin PBXCopyFilesBuildPhase section */
		6BF198A427637FC700725D2A /* CopyFiles */ = {
			isa = PBXCopyFilesBuildPhase;
			buildActionMask = 2147483647;
			dstPath = /usr/share/man/man1/;
			dstSubfolderSpec = 0;
			files = (
			);
			runOnlyForDeploymentPostprocessing = 1;
		};
/* End PBXCopyFilesBuildPhase section */

/* Begin PBXFileReference section */
		6BDC0CEF276E3767007C5FB0 /* physac.h */ = {isa = PBXFileReference; lastKnownFileType = sourcecode.c.h; name = physac.h; path = "../../../../raylib-master/src/extras/physac.h"; sourceTree = "<group>"; };
		6BDC0CF027703936007C5FB0 /* funcaoMapa.h */ = {isa = PBXFileReference; lastKnownFileType = sourcecode.c.h; path = funcaoMapa.h; sourceTree = "<group>"; };
		6BDC0CF1277055DD007C5FB0 /* jogo.h */ = {isa = PBXFileReference; lastKnownFileType = sourcecode.c.h; path = jogo.h; sourceTree = "<group>"; };
		6BDC0CF227705614007C5FB0 /* basic.h */ = {isa = PBXFileReference; lastKnownFileType = sourcecode.c.h; path = basic.h; sourceTree = "<group>"; };
		6BDC0CF42770570A007C5FB0 /* texturas.h */ = {isa = PBXFileReference; lastKnownFileType = sourcecode.c.h; path = texturas.h; sourceTree = "<group>"; };
		6BDC0CF527705747007C5FB0 /* objetos.h */ = {isa = PBXFileReference; lastKnownFileType = sourcecode.c.h; path = objetos.h; sourceTree = "<group>"; };
		6BDC0CF62770577A007C5FB0 /* mapas.h */ = {isa = PBXFileReference; lastKnownFileType = sourcecode.c.h; path = mapas.h; sourceTree = "<group>"; };
		6BDC0CF72770D7D8007C5FB0 /* reset.h */ = {isa = PBXFileReference; lastKnownFileType = sourcecode.c.h; path = reset.h; sourceTree = "<group>"; };
		6BED118B2770FBD30012C7DE /* finale.h */ = {isa = PBXFileReference; lastKnownFileType = sourcecode.c.h; path = finale.h; sourceTree = "<group>"; };
		6BF198A627637FC700725D2A /* Raylib Teste */ = {isa = PBXFileReference; explicitFileType = "compiled.mach-o.executable"; includeInIndex = 0; path = "Raylib Teste"; sourceTree = BUILT_PRODUCTS_DIR; };
		6BF198A927637FC700725D2A /* main.c */ = {isa = PBXFileReference; lastKnownFileType = sourcecode.c.c; path = main.c; sourceTree = "<group>"; };
		6BF198B1276380B700725D2A /* OpenGL.framework */ = {isa = PBXFileReference; lastKnownFileType = wrapper.framework; name = OpenGL.framework; path = System/Library/Frameworks/OpenGL.framework; sourceTree = SDKROOT; };
		6BF198B3276380D700725D2A /* CoreVideo.framework */ = {isa = PBXFileReference; lastKnownFileType = wrapper.framework; name = CoreVideo.framework; path = System/Library/Frameworks/CoreVideo.framework; sourceTree = SDKROOT; };
		6BF198B5276380E100725D2A /* IOKit.framework */ = {isa = PBXFileReference; lastKnownFileType = wrapper.framework; name = IOKit.framework; path = System/Library/Frameworks/IOKit.framework; sourceTree = SDKROOT; };
		6BF198B7276380E700725D2A /* Cocoa.framework */ = {isa = PBXFileReference; lastKnownFileType = wrapper.framework; name = Cocoa.framework; path = System/Library/Frameworks/Cocoa.framework; sourceTree = SDKROOT; };
		6BF198B9276381C000725D2A /* Raylib Teste */ = {isa = PBXFileReference; lastKnownFileType = folder; path = "Raylib Teste"; sourceTree = "<group>"; };
		6BF198BB276381D200725D2A /* libraylib.a */ = {isa = PBXFileReference; lastKnownFileType = archive.ar; name = libraylib.a; path = "../../../../raylib-master/src/libraylib.a"; sourceTree = "<group>"; };
		6BF198BD2763880200725D2A /* Metal.framework */ = {isa = PBXFileReference; lastKnownFileType = wrapper.framework; name = Metal.framework; path = System/Library/Frameworks/Metal.framework; sourceTree = SDKROOT; };
		6BF198BF2763885600725D2A /* raylib.h */ = {isa = PBXFileReference; lastKnownFileType = sourcecode.c.h; name = raylib.h; path = "../../../../raylib-master/src/raylib.h"; sourceTree = "<group>"; };
/* End PBXFileReference section */

/* Begin PBXFrameworksBuildPhase section */
		6BF198A327637FC700725D2A /* Frameworks */ = {
			isa = PBXFrameworksBuildPhase;
			buildActionMask = 2147483647;
			files = (
				6BF198BC276381D200725D2A /* libraylib.a in Frameworks */,
				6BF198B8276380E700725D2A /* Cocoa.framework in Frameworks */,
				6BF198B6276380E100725D2A /* IOKit.framework in Frameworks */,
				6BF198B4276380D700725D2A /* CoreVideo.framework in Frameworks */,
				6BF198C227638B4100725D2A /* OpenGL.framework in Frameworks */,
			);
			runOnlyForDeploymentPostprocessing = 0;
		};
/* End PBXFrameworksBuildPhase section */

/* Begin PBXGroup section */
		6BF1989D27637FC700725D2A = {
			isa = PBXGroup;
			children = (
				6BED118B2770FBD30012C7DE /* finale.h */,
				6BDC0CF72770D7D8007C5FB0 /* reset.h */,
				6BDC0CF1277055DD007C5FB0 /* jogo.h */,
				6BDC0CF62770577A007C5FB0 /* mapas.h */,
				6BDC0CF42770570A007C5FB0 /* texturas.h */,
				6BDC0CF227705614007C5FB0 /* basic.h */,
				6BDC0CF527705747007C5FB0 /* objetos.h */,
				6BDC0CF027703936007C5FB0 /* funcaoMapa.h */,
				6BF198A827637FC700725D2A /* Raylib Teste */,
				6BF198A727637FC700725D2A /* Products */,
				6BF198B0276380B700725D2A /* Frameworks */,
			);
			sourceTree = "<group>";
		};
		6BF198A727637FC700725D2A /* Products */ = {
			isa = PBXGroup;
			children = (
				6BF198A627637FC700725D2A /* Raylib Teste */,
			);
			name = Products;
			sourceTree = "<group>";
		};
		6BF198A827637FC700725D2A /* Raylib Teste */ = {
			isa = PBXGroup;
			children = (
				6BF198A927637FC700725D2A /* main.c */,
			);
			path = "Raylib Teste";
			sourceTree = "<group>";
		};
		6BF198B0276380B700725D2A /* Frameworks */ = {
			isa = PBXGroup;
			children = (
				6BDC0CEF276E3767007C5FB0 /* physac.h */,
				6BF198BF2763885600725D2A /* raylib.h */,
				6BF198BD2763880200725D2A /* Metal.framework */,
				6BF198BB276381D200725D2A /* libraylib.a */,
				6BF198B9276381C000725D2A /* Raylib Teste */,
				6BF198B7276380E700725D2A /* Cocoa.framework */,
				6BF198B5276380E100725D2A /* IOKit.framework */,
				6BF198B3276380D700725D2A /* CoreVideo.framework */,
				6BF198B1276380B700725D2A /* OpenGL.framework */,
			);
			name = Frameworks;
			sourceTree = "<group>";
		};
/* End PBXGroup section */

/* Begin PBXNativeTarget section */
		6BF198A527637FC700725D2A /* Raylib Teste */ = {
			isa = PBXNativeTarget;
			buildConfigurationList = 6BF198AD27637FC700725D2A /* Build configuration list for PBXNativeTarget "Raylib Teste" */;
			buildPhases = (
				6BF198A227637FC700725D2A /* Sources */,
				6BF198A327637FC700725D2A /* Frameworks */,
				6BF198A427637FC700725D2A /* CopyFiles */,
			);
			buildRules = (
			);
			dependencies = (
			);
			name = "Raylib Teste";
			productName = "Raylib Teste";
			productReference = 6BF198A627637FC700725D2A /* Raylib Teste */;
			productType = "com.apple.product-type.tool";
		};
/* End PBXNativeTarget section */

/* Begin PBXProject section */
		6BF1989E27637FC700725D2A /* Project object */ = {
			isa = PBXProject;
			attributes = {
				BuildIndependentTargetsInParallel = 1;
				LastUpgradeCheck = 1310;
				TargetAttributes = {
					6BF198A527637FC700725D2A = {
						CreatedOnToolsVersion = 13.1;
					};
				};
			};
			buildConfigurationList = 6BF198A127637FC700725D2A /* Build configuration list for PBXProject "Raylib Teste" */;
			compatibilityVersion = "Xcode 13.0";
			developmentRegion = en;
			hasScannedForEncodings = 0;
			knownRegions = (
				en,
				Base,
			);
			mainGroup = 6BF1989D27637FC700725D2A;
			productRefGroup = 6BF198A727637FC700725D2A /* Products */;
			projectDirPath = "";
			projectRoot = "";
			targets = (
				6BF198A527637FC700725D2A /* Raylib Teste */,
			);
		};
/* End PBXProject section */

/* Begin PBXSourcesBuildPhase section */
		6BF198A227637FC700725D2A /* Sources */ = {
			isa = PBXSourcesBuildPhase;
			buildActionMask = 2147483647;
			files = (
				6BF198AA27637FC700725D2A /* main.c in Sources */,
			);
			runOnlyForDeploymentPostprocessing = 0;
		};
/* End PBXSourcesBuildPhase section */

/* Begin XCBuildConfiguration section */
		6BF198AB27637FC700725D2A /* Debug */ = {
			isa = XCBuildConfiguration;
			buildSettings = {
				ALWAYS_SEARCH_USER_PATHS = NO;
				CLANG_ANALYZER_NONNULL = YES;
				CLANG_ANALYZER_NUMBER_OBJECT_CONVERSION = YES_AGGRESSIVE;
				CLANG_CXX_LANGUAGE_STANDARD = "gnu++17";
				CLANG_CXX_LIBRARY = "libc++";
				CLANG_ENABLE_MODULES = YES;
				CLANG_ENABLE_OBJC_ARC = YES;
				CLANG_ENABLE_OBJC_WEAK = YES;
				CLANG_WARN_BLOCK_CAPTURE_AUTORELEASING = YES;
				CLANG_WARN_BOOL_CONVERSION = YES;
				CLANG_WARN_COMMA = YES;
				CLANG_WARN_CONSTANT_CONVERSION = YES;
				CLANG_WARN_DEPRECATED_OBJC_IMPLEMENTATIONS = YES;
				CLANG_WARN_DIRECT_OBJC_ISA_USAGE = YES_ERROR;
				CLANG_WARN_DOCUMENTATION_COMMENTS = YES;
				CLANG_WARN_EMPTY_BODY = YES;
				CLANG_WARN_ENUM_CONVERSION = YES;
				CLANG_WARN_INFINITE_RECURSION = YES;
				CLANG_WARN_INT_CONVERSION = YES;
				CLANG_WARN_NON_LITERAL_NULL_CONVERSION = YES;
				CLANG_WARN_OBJC_IMPLICIT_RETAIN_SELF = YES;
				CLANG_WARN_OBJC_LITERAL_CONVERSION = YES;
				CLANG_WARN_OBJC_ROOT_CLASS = YES_ERROR;
				CLANG_WARN_QUOTED_INCLUDE_IN_FRAMEWORK_HEADER = YES;
				CLANG_WARN_RANGE_LOOP_ANALYSIS = YES;
				CLANG_WARN_STRICT_PROTOTYPES = YES;
				CLANG_WARN_SUSPICIOUS_MOVE = YES;
				CLANG_WARN_UNGUARDED_AVAILABILITY = YES_AGGRESSIVE;
				CLANG_WARN_UNREACHABLE_CODE = YES;
				CLANG_WARN__DUPLICATE_METHOD_MATCH = YES;
				COPY_PHASE_STRIP = NO;
				DEBUG_INFORMATION_FORMAT = dwarf;
				ENABLE_STRICT_OBJC_MSGSEND = YES;
				ENABLE_TESTABILITY = YES;
				GCC_C_LANGUAGE_STANDARD = gnu11;
				GCC_DYNAMIC_NO_PIC = NO;
				GCC_NO_COMMON_BLOCKS = YES;
				GCC_OPTIMIZATION_LEVEL = 0;
				GCC_PREPROCESSOR_DEFINITIONS = (
					"DEBUG=1",
					"$(inherited)",
				);
				GCC_WARN_64_TO_32_BIT_CONVERSION = YES;
				GCC_WARN_ABOUT_RETURN_TYPE = YES_ERROR;
				GCC_WARN_UNDECLARED_SELECTOR = YES;
				GCC_WARN_UNINITIALIZED_AUTOS = YES_AGGRESSIVE;
				GCC_WARN_UNUSED_FUNCTION = YES;
				GCC_WARN_UNUSED_VARIABLE = YES;
				MACOSX_DEPLOYMENT_TARGET = 11.6;
				MTL_ENABLE_DEBUG_INFO = INCLUDE_SOURCE;
				MTL_FAST_MATH = YES;
				ONLY_ACTIVE_ARCH = YES;
				SDKROOT = macosx;
			};
			name = Debug;
		};
		6BF198AC27637FC700725D2A /* Release */ = {
			isa = XCBuildConfiguration;
			buildSettings = {
				ALWAYS_SEARCH_USER_PATHS = NO;
				CLANG_ANALYZER_NONNULL = YES;
				CLANG_ANALYZER_NUMBER_OBJECT_CONVERSION = YES_AGGRESSIVE;
				CLANG_CXX_LANGUAGE_STANDARD = "gnu++17";
				CLANG_CXX_LIBRARY = "libc++";
				CLANG_ENABLE_MODULES = YES;
				CLANG_ENABLE_OBJC_ARC = YES;
				CLANG_ENABLE_OBJC_WEAK = YES;
				CLANG_WARN_BLOCK_CAPTURE_AUTORELEASING = YES;
				CLANG_WARN_BOOL_CONVERSION = YES;
				CLANG_WARN_COMMA = YES;
				CLANG_WARN_CONSTANT_CONVERSION = YES;
				CLANG_WARN_DEPRECATED_OBJC_IMPLEMENTATIONS = YES;
				CLANG_WARN_DIRECT_OBJC_ISA_USAGE = YES_ERROR;
				CLANG_WARN_DOCUMENTATION_COMMENTS = YES;
				CLANG_WARN_EMPTY_BODY = YES;
				CLANG_WARN_ENUM_CONVERSION = YES;
				CLANG_WARN_INFINITE_RECURSION = YES;
				CLANG_WARN_INT_CONVERSION = YES;
				CLANG_WARN_NON_LITERAL_NULL_CONVERSION = YES;
				CLANG_WARN_OBJC_IMPLICIT_RETAIN_SELF = YES;
				CLANG_WARN_OBJC_LITERAL_CONVERSION = YES;
				CLANG_WARN_OBJC_ROOT_CLASS = YES_ERROR;
				CLANG_WARN_QUOTED_INCLUDE_IN_FRAMEWORK_HEADER = YES;
				CLANG_WARN_RANGE_LOOP_ANALYSIS = YES;
				CLANG_WARN_STRICT_PROTOTYPES = YES;
				CLANG_WARN_SUSPICIOUS_MOVE = YES;
				CLANG_WARN_UNGUARDED_AVAILABILITY = YES_AGGRESSIVE;
				CLANG_WARN_UNREACHABLE_CODE = YES;
				CLANG_WARN__DUPLICATE_METHOD_MATCH = YES;
				COPY_PHASE_STRIP = NO;
				DEBUG_INFORMATION_FORMAT = "dwarf-with-dsym";
				ENABLE_NS_ASSERTIONS = NO;
				ENABLE_STRICT_OBJC_MSGSEND = YES;
				GCC_C_LANGUAGE_STANDARD = gnu11;
				GCC_NO_COMMON_BLOCKS = YES;
				GCC_WARN_64_TO_32_BIT_CONVERSION = YES;
				GCC_WARN_ABOUT_RETURN_TYPE = YES_ERROR;
				GCC_WARN_UNDECLARED_SELECTOR = YES;
				GCC_WARN_UNINITIALIZED_AUTOS = YES_AGGRESSIVE;
				GCC_WARN_UNUSED_FUNCTION = YES;
				GCC_WARN_UNUSED_VARIABLE = YES;
				MACOSX_DEPLOYMENT_TARGET = 11.6;
				MTL_ENABLE_DEBUG_INFO = NO;
				MTL_FAST_MATH = YES;
				SDKROOT = macosx;
			};
			name = Release;
		};
		6BF198AE27637FC700725D2A /* Debug */ = {
			isa = XCBuildConfiguration;
			buildSettings = {
				CODE_SIGN_STYLE = Automatic;
				HEADER_SEARCH_PATHS = "/Users/hugo_zig/Documents/raylib-master/src";
				LIBRARY_SEARCH_PATHS = "/Users/hugo_zig/Documents/raylib-master/src";
				PRODUCT_NAME = "$(TARGET_NAME)";
			};
			name = Debug;
		};
		6BF198AF27637FC700725D2A /* Release */ = {
			isa = XCBuildConfiguration;
			buildSettings = {
				CODE_SIGN_STYLE = Automatic;
				HEADER_SEARCH_PATHS = "/Users/hugo_zig/Documents/raylib-master/src";
				LIBRARY_SEARCH_PATHS = "/Users/hugo_zig/Documents/raylib-master/src";
				PRODUCT_NAME = "$(TARGET_NAME)";
			};
			name = Release;
		};
/* End XCBuildConfiguration section */

/* Begin XCConfigurationList section */
		6BF198A127637FC700725D2A /* Build configuration list for PBXProject "Raylib Teste" */ = {
			isa = XCConfigurationList;
			buildConfigurations = (
				6BF198AB27637FC700725D2A /* Debug */,
				6BF198AC27637FC700725D2A /* Release */,
			);
			defaultConfigurationIsVisible = 0;
			defaultConfigurationName = Release;
		};
		6BF198AD27637FC700725D2A /* Build configuration list for PBXNativeTarget "Raylib Teste" */ = {
			isa = XCConfigurationList;
			buildConfigurations = (
				6BF198AE27637FC700725D2A /* Debug */,
				6BF198AF27637FC700725D2A /* Release */,
			);
			defaultConfigurationIsVisible = 0;
			defaultConfigurationName = Release;
		};
/* End XCConfigurationList section */
	};
	rootObject = 6BF1989E27637FC700725D2A /* Project object */;
}
